// !$*UTF8*$!
{
	archiveVersion = 1;
	classes = {
	};
	objectVersion = 48;
	objects = {

/* Begin PBXBuildFile section */
		9A8D6189201A303800C482D5 /* AppDelegate.swift in Sources */ = {isa = PBXBuildFile; fileRef = 9A8D6188201A303800C482D5 /* AppDelegate.swift */; };
		9A8D618B201A303800C482D5 /* ViewController.swift in Sources */ = {isa = PBXBuildFile; fileRef = 9A8D618A201A303800C482D5 /* ViewController.swift */; };
		9A8D618E201A303800C482D5 /* Main.storyboard in Resources */ = {isa = PBXBuildFile; fileRef = 9A8D618C201A303800C482D5 /* Main.storyboard */; };
		9A8D6190201A303800C482D5 /* Assets.xcassets in Resources */ = {isa = PBXBuildFile; fileRef = 9A8D618F201A303800C482D5 /* Assets.xcassets */; };
		9A8D6193201A303800C482D5 /* LaunchScreen.storyboard in Resources */ = {isa = PBXBuildFile; fileRef = 9A8D6191201A303800C482D5 /* LaunchScreen.storyboard */; };
		9A8D619E201A303800C482D5 /* Maryville_Campus_AppTests.swift in Sources */ = {isa = PBXBuildFile; fileRef = 9A8D619D201A303800C482D5 /* Maryville_Campus_AppTests.swift */; };
		9A8D61A9201A303800C482D5 /* Maryville_Campus_AppUITests.swift in Sources */ = {isa = PBXBuildFile; fileRef = 9A8D61A8201A303800C482D5 /* Maryville_Campus_AppUITests.swift */; };
/* End PBXBuildFile section */

/* Begin PBXContainerItemProxy section */
		9A8D619A201A303800C482D5 /* PBXContainerItemProxy */ = {
			isa = PBXContainerItemProxy;
			containerPortal = 9A8D617D201A303700C482D5 /* Project object */;
			proxyType = 1;
			remoteGlobalIDString = 9A8D6184201A303700C482D5;
			remoteInfo = "Maryville Campus App";
		};
		9A8D61A5201A303800C482D5 /* PBXContainerItemProxy */ = {
			isa = PBXContainerItemProxy;
			containerPortal = 9A8D617D201A303700C482D5 /* Project object */;
			proxyType = 1;
			remoteGlobalIDString = 9A8D6184201A303700C482D5;
			remoteInfo = "Maryville Campus App";
		};
/* End PBXContainerItemProxy section */

/* Begin PBXFileReference section */
		9A8D6185201A303800C482D5 /* Maryville Campus App.app */ = {isa = PBXFileReference; explicitFileType = wrapper.application; includeInIndex = 0; path = "Maryville Campus App.app"; sourceTree = BUILT_PRODUCTS_DIR; };
		9A8D6188201A303800C482D5 /* AppDelegate.swift */ = {isa = PBXFileReference; lastKnownFileType = sourcecode.swift; path = AppDelegate.swift; sourceTree = "<group>"; };
		9A8D618A201A303800C482D5 /* ViewController.swift */ = {isa = PBXFileReference; lastKnownFileType = sourcecode.swift; path = ViewController.swift; sourceTree = "<group>"; };
		9A8D618D201A303800C482D5 /* Base */ = {isa = PBXFileReference; lastKnownFileType = file.storyboard; name = Base; path = Base.lproj/Main.storyboard; sourceTree = "<group>"; };
		9A8D618F201A303800C482D5 /* Assets.xcassets */ = {isa = PBXFileReference; lastKnownFileType = folder.assetcatalog; path = Assets.xcassets; sourceTree = "<group>"; };
		9A8D6192201A303800C482D5 /* Base */ = {isa = PBXFileReference; lastKnownFileType = file.storyboard; name = Base; path = Base.lproj/LaunchScreen.storyboard; sourceTree = "<group>"; };
		9A8D6194201A303800C482D5 /* Info.plist */ = {isa = PBXFileReference; lastKnownFileType = text.plist.xml; path = Info.plist; sourceTree = "<group>"; };
		9A8D6199201A303800C482D5 /* Maryville Campus AppTests.xctest */ = {isa = PBXFileReference; explicitFileType = wrapper.cfbundle; includeInIndex = 0; path = "Maryville Campus AppTests.xctest"; sourceTree = BUILT_PRODUCTS_DIR; };
		9A8D619D201A303800C482D5 /* Maryville_Campus_AppTests.swift */ = {isa = PBXFileReference; lastKnownFileType = sourcecode.swift; path = Maryville_Campus_AppTests.swift; sourceTree = "<group>"; };
		9A8D619F201A303800C482D5 /* Info.plist */ = {isa = PBXFileReference; lastKnownFileType = text.plist.xml; path = Info.plist; sourceTree = "<group>"; };
		9A8D61A4201A303800C482D5 /* Maryville Campus AppUITests.xctest */ = {isa = PBXFileReference; explicitFileType = wrapper.cfbundle; includeInIndex = 0; path = "Maryville Campus AppUITests.xctest"; sourceTree = BUILT_PRODUCTS_DIR; };
		9A8D61A8201A303800C482D5 /* Maryville_Campus_AppUITests.swift */ = {isa = PBXFileReference; lastKnownFileType = sourcecode.swift; path = Maryville_Campus_AppUITests.swift; sourceTree = "<group>"; };
		9A8D61AA201A303800C482D5 /* Info.plist */ = {isa = PBXFileReference; lastKnownFileType = text.plist.xml; path = Info.plist; sourceTree = "<group>"; };
/* End PBXFileReference section */

/* Begin PBXFrameworksBuildPhase section */
		9A8D6182201A303700C482D5 /* Frameworks */ = {
			isa = PBXFrameworksBuildPhase;
			buildActionMask = 2147483647;
			files = (
			);
			runOnlyForDeploymentPostprocessing = 0;
		};
		9A8D6196201A303800C482D5 /* Frameworks */ = {
			isa = PBXFrameworksBuildPhase;
			buildActionMask = 2147483647;
			files = (
			);
			runOnlyForDeploymentPostprocessing = 0;
		};
		9A8D61A1201A303800C482D5 /* Frameworks */ = {
			isa = PBXFrameworksBuildPhase;
			buildActionMask = 2147483647;
			files = (
			);
			runOnlyForDeploymentPostprocessing = 0;
		};
/* End PBXFrameworksBuildPhase section */

/* Begin PBXGroup section */
		9A8D617C201A303700C482D5 = {
			isa = PBXGroup;
			children = (
				9A8D6187201A303800C482D5 /* Maryville Campus App */,
				9A8D619C201A303800C482D5 /* Maryville Campus AppTests */,
				9A8D61A7201A303800C482D5 /* Maryville Campus AppUITests */,
				9A8D6186201A303800C482D5 /* Products */,
			);
			sourceTree = "<group>";
		};
		9A8D6186201A303800C482D5 /* Products */ = {
			isa = PBXGroup;
			children = (
				9A8D6185201A303800C482D5 /* Maryville Campus App.app */,
				9A8D6199201A303800C482D5 /* Maryville Campus AppTests.xctest */,
				9A8D61A4201A303800C482D5 /* Maryville Campus AppUITests.xctest */,
			);
			name = Products;
			sourceTree = "<group>";
		};
		9A8D6187201A303800C482D5 /* Maryville Campus App */ = {
			isa = PBXGroup;
			children = (
				9A8D6188201A303800C482D5 /* AppDelegate.swift */,
				9A8D618A201A303800C482D5 /* ViewController.swift */,
				9A8D618C201A303800C482D5 /* Main.storyboard */,
				9A8D618F201A303800C482D5 /* Assets.xcassets */,
				9A8D6191201A303800C482D5 /* LaunchScreen.storyboard */,
				9A8D6194201A303800C482D5 /* Info.plist */,
			);
			path = "Maryville Campus App";
			sourceTree = "<group>";
		};
		9A8D619C201A303800C482D5 /* Maryville Campus AppTests */ = {
			isa = PBXGroup;
			children = (
				9A8D619D201A303800C482D5 /* Maryville_Campus_AppTests.swift */,
				9A8D619F201A303800C482D5 /* Info.plist */,
			);
			path = "Maryville Campus AppTests";
			sourceTree = "<group>";
		};
		9A8D61A7201A303800C482D5 /* Maryville Campus AppUITests */ = {
			isa = PBXGroup;
			children = (
				9A8D61A8201A303800C482D5 /* Maryville_Campus_AppUITests.swift */,
				9A8D61AA201A303800C482D5 /* Info.plist */,
			);
			path = "Maryville Campus AppUITests";
			sourceTree = "<group>";
		};
/* End PBXGroup section */

/* Begin PBXNativeTarget section */
		9A8D6184201A303700C482D5 /* Maryville Campus App */ = {
			isa = PBXNativeTarget;
			buildConfigurationList = 9A8D61AD201A303800C482D5 /* Build configuration list for PBXNativeTarget "Maryville Campus App" */;
			buildPhases = (
				9A8D6181201A303700C482D5 /* Sources */,
				9A8D6182201A303700C482D5 /* Frameworks */,
				9A8D6183201A303700C482D5 /* Resources */,
			);
			buildRules = (
			);
			dependencies = (
			);
			name = "Maryville Campus App";
			productName = "Maryville Campus App";
			productReference = 9A8D6185201A303800C482D5 /* Maryville Campus App.app */;
			productType = "com.apple.product-type.application";
		};
		9A8D6198201A303800C482D5 /* Maryville Campus AppTests */ = {
			isa = PBXNativeTarget;
			buildConfigurationList = 9A8D61B0201A303800C482D5 /* Build configuration list for PBXNativeTarget "Maryville Campus AppTests" */;
			buildPhases = (
				9A8D6195201A303800C482D5 /* Sources */,
				9A8D6196201A303800C482D5 /* Frameworks */,
				9A8D6197201A303800C482D5 /* Resources */,
			);
			buildRules = (
			);
			dependencies = (
				9A8D619B201A303800C482D5 /* PBXTargetDependency */,
			);
			name = "Maryville Campus AppTests";
			productName = "Maryville Campus AppTests";
			productReference = 9A8D6199201A303800C482D5 /* Maryville Campus AppTests.xctest */;
			productType = "com.apple.product-type.bundle.unit-test";
		};
		9A8D61A3201A303800C482D5 /* Maryville Campus AppUITests */ = {
			isa = PBXNativeTarget;
			buildConfigurationList = 9A8D61B3201A303800C482D5 /* Build configuration list for PBXNativeTarget "Maryville Campus AppUITests" */;
			buildPhases = (
				9A8D61A0201A303800C482D5 /* Sources */,
				9A8D61A1201A303800C482D5 /* Frameworks */,
				9A8D61A2201A303800C482D5 /* Resources */,
			);
			buildRules = (
			);
			dependencies = (
				9A8D61A6201A303800C482D5 /* PBXTargetDependency */,
			);
			name = "Maryville Campus AppUITests";
			productName = "Maryville Campus AppUITests";
			productReference = 9A8D61A4201A303800C482D5 /* Maryville Campus AppUITests.xctest */;
			productType = "com.apple.product-type.bundle.ui-testing";
		};
/* End PBXNativeTarget section */

/* Begin PBXProject section */
		9A8D617D201A303700C482D5 /* Project object */ = {
			isa = PBXProject;
			attributes = {
				LastSwiftUpdateCheck = 0920;
				LastUpgradeCheck = 0920;
				ORGANIZATIONNAME = "Drew Klauser";
				TargetAttributes = {
					9A8D6184201A303700C482D5 = {
						CreatedOnToolsVersion = 9.2;
						ProvisioningStyle = Automatic;
					};
					9A8D6198201A303800C482D5 = {
						CreatedOnToolsVersion = 9.2;
						ProvisioningStyle = Automatic;
						TestTargetID = 9A8D6184201A303700C482D5;
					};
					9A8D61A3201A303800C482D5 = {
						CreatedOnToolsVersion = 9.2;
						ProvisioningStyle = Automatic;
						TestTargetID = 9A8D6184201A303700C482D5;
					};
				};
			};
			buildConfigurationList = 9A8D6180201A303700C482D5 /* Build configuration list for PBXProject "Maryville Campus App" */;
			compatibilityVersion = "Xcode 8.0";
			developmentRegion = en;
			hasScannedForEncodings = 0;
			knownRegions = (
				en,
				Base,
			);
			mainGroup = 9A8D617C201A303700C482D5;
			productRefGroup = 9A8D6186201A303800C482D5 /* Products */;
			projectDirPath = "";
			projectRoot = "";
			targets = (
				9A8D6184201A303700C482D5 /* Maryville Campus App */,
				9A8D6198201A303800C482D5 /* Maryville Campus AppTests */,
				9A8D61A3201A303800C482D5 /* Maryville Campus AppUITests */,
			);
		};
/* End PBXProject section */

/* Begin PBXResourcesBuildPhase section */
		9A8D6183201A303700C482D5 /* Resources */ = {
			isa = PBXResourcesBuildPhase;
			buildActionMask = 2147483647;
			files = (
				9A8D6193201A303800C482D5 /* LaunchScreen.storyboard in Resources */,
				9A8D6190201A303800C482D5 /* Assets.xcassets in Resources */,
				9A8D618E201A303800C482D5 /* Main.storyboard in Resources */,
			);
			runOnlyForDeploymentPostprocessing = 0;
		};
		9A8D6197201A303800C482D5 /* Resources */ = {
			isa = PBXResourcesBuildPhase;
			buildActionMask = 2147483647;
			files = (
			);
			runOnlyForDeploymentPostprocessing = 0;
		};
		9A8D61A2201A303800C482D5 /* Resources */ = {
			isa = PBXResourcesBuildPhase;
			buildActionMask = 2147483647;
			files = (
			);
			runOnlyForDeploymentPostprocessing = 0;
		};
/* End PBXResourcesBuildPhase section */

/* Begin PBXSourcesBuildPhase section */
		9A8D6181201A303700C482D5 /* Sources */ = {
			isa = PBXSourcesBuildPhase;
			buildActionMask = 2147483647;
			files = (
				9A8D618B201A303800C482D5 /* ViewController.swift in Sources */,
				9A8D6189201A303800C482D5 /* AppDelegate.swift in Sources */,
			);
			runOnlyForDeploymentPostprocessing = 0;
		};
		9A8D6195201A303800C482D5 /* Sources */ = {
			isa = PBXSourcesBuildPhase;
			buildActionMask = 2147483647;
			files = (
				9A8D619E201A303800C482D5 /* Maryville_Campus_AppTests.swift in Sources */,
			);
			runOnlyForDeploymentPostprocessing = 0;
		};
		9A8D61A0201A303800C482D5 /* Sources */ = {
			isa = PBXSourcesBuildPhase;
			buildActionMask = 2147483647;
			files = (
				9A8D61A9201A303800C482D5 /* Maryville_Campus_AppUITests.swift in Sources */,
			);
			runOnlyForDeploymentPostprocessing = 0;
		};
/* End PBXSourcesBuildPhase section */

/* Begin PBXTargetDependency section */
		9A8D619B201A303800C482D5 /* PBXTargetDependency */ = {
			isa = PBXTargetDependency;
			target = 9A8D6184201A303700C482D5 /* Maryville Campus App */;
			targetProxy = 9A8D619A201A303800C482D5 /* PBXContainerItemProxy */;
		};
		9A8D61A6201A303800C482D5 /* PBXTargetDependency */ = {
			isa = PBXTargetDependency;
			target = 9A8D6184201A303700C482D5 /* Maryville Campus App */;
			targetProxy = 9A8D61A5201A303800C482D5 /* PBXContainerItemProxy */;
		};
/* End PBXTargetDependency section */

/* Begin PBXVariantGroup section */
		9A8D618C201A303800C482D5 /* Main.storyboard */ = {
			isa = PBXVariantGroup;
			children = (
				9A8D618D201A303800C482D5 /* Base */,
			);
			name = Main.storyboard;
			sourceTree = "<group>";
		};
		9A8D6191201A303800C482D5 /* LaunchScreen.storyboard */ = {
			isa = PBXVariantGroup;
			children = (
				9A8D6192201A303800C482D5 /* Base */,
			);
			name = LaunchScreen.storyboard;
			sourceTree = "<group>";
		};
/* End PBXVariantGroup section */

/* Begin XCBuildConfiguration section */
		9A8D61AB201A303800C482D5 /* Debug */ = {
			isa = XCBuildConfiguration;
			buildSettings = {
				ALWAYS_SEARCH_USER_PATHS = NO;
				CLANG_ANALYZER_NONNULL = YES;
				CLANG_ANALYZER_NUMBER_OBJECT_CONVERSION = YES_AGGRESSIVE;
				CLANG_CXX_LANGUAGE_STANDARD = "gnu++14";
				CLANG_CXX_LIBRARY = "libc++";
				CLANG_ENABLE_MODULES = YES;
				CLANG_ENABLE_OBJC_ARC = YES;
				CLANG_WARN_BLOCK_CAPTURE_AUTORELEASING = YES;
				CLANG_WARN_BOOL_CONVERSION = YES;
				CLANG_WARN_COMMA = YES;
				CLANG_WARN_CONSTANT_CONVERSION = YES;
				CLANG_WARN_DIRECT_OBJC_ISA_USAGE = YES_ERROR;
				CLANG_WARN_DOCUMENTATION_COMMENTS = YES;
				CLANG_WARN_EMPTY_BODY = YES;
				CLANG_WARN_ENUM_CONVERSION = YES;
				CLANG_WARN_INFINITE_RECURSION = YES;
				CLANG_WARN_INT_CONVERSION = YES;
				CLANG_WARN_NON_LITERAL_NULL_CONVERSION = YES;
				CLANG_WARN_OBJC_LITERAL_CONVERSION = YES;
				CLANG_WARN_OBJC_ROOT_CLASS = YES_ERROR;
				CLANG_WARN_RANGE_LOOP_ANALYSIS = YES;
				CLANG_WARN_STRICT_PROTOTYPES = YES;
				CLANG_WARN_SUSPICIOUS_MOVE = YES;
				CLANG_WARN_UNGUARDED_AVAILABILITY = YES_AGGRESSIVE;
				CLANG_WARN_UNREACHABLE_CODE = YES;
				CLANG_WARN__DUPLICATE_METHOD_MATCH = YES;
				CODE_SIGN_IDENTITY = "iPhone Developer";
				COPY_PHASE_STRIP = NO;
				DEBUG_INFORMATION_FORMAT = dwarf;
				ENABLE_STRICT_OBJC_MSGSEND = YES;
				ENABLE_TESTABILITY = YES;
				GCC_C_LANGUAGE_STANDARD = gnu11;
				GCC_DYNAMIC_NO_PIC = NO;
				GCC_NO_COMMON_BLOCKS = YES;
				GCC_OPTIMIZATION_LEVEL = 0;
				GCC_PREPROCESSOR_DEFINITIONS = (
					"DEBUG=1",
					"$(inherited)",
				);
				GCC_WARN_64_TO_32_BIT_CONVERSION = YES;
				GCC_WARN_ABOUT_RETURN_TYPE = YES_ERROR;
				GCC_WARN_UNDECLARED_SELECTOR = YES;
				GCC_WARN_UNINITIALIZED_AUTOS = YES_AGGRESSIVE;
				GCC_WARN_UNUSED_FUNCTION = YES;
				GCC_WARN_UNUSED_VARIABLE = YES;
				IPHONEOS_DEPLOYMENT_TARGET = 11.2;
				MTL_ENABLE_DEBUG_INFO = YES;
				ONLY_ACTIVE_ARCH = YES;
				SDKROOT = iphoneos;
				SWIFT_ACTIVE_COMPILATION_CONDITIONS = DEBUG;
				SWIFT_OPTIMIZATION_LEVEL = "-Onone";
			};
			name = Debug;
		};
		9A8D61AC201A303800C482D5 /* Release */ = {
			isa = XCBuildConfiguration;
			buildSettings = {
				ALWAYS_SEARCH_USER_PATHS = NO;
				CLANG_ANALYZER_NONNULL = YES;
				CLANG_ANALYZER_NUMBER_OBJECT_CONVERSION = YES_AGGRESSIVE;
				CLANG_CXX_LANGUAGE_STANDARD = "gnu++14";
				CLANG_CXX_LIBRARY = "libc++";
				CLANG_ENABLE_MODULES = YES;
				CLANG_ENABLE_OBJC_ARC = YES;
				CLANG_WARN_BLOCK_CAPTURE_AUTORELEASING = YES;
				CLANG_WARN_BOOL_CONVERSION = YES;
				CLANG_WARN_COMMA = YES;
				CLANG_WARN_CONSTANT_CONVERSION = YES;
				CLANG_WARN_DIRECT_OBJC_ISA_USAGE = YES_ERROR;
				CLANG_WARN_DOCUMENTATION_COMMENTS = YES;
				CLANG_WARN_EMPTY_BODY = YES;
				CLANG_WARN_ENUM_CONVERSION = YES;
				CLANG_WARN_INFINITE_RECURSION = YES;
				CLANG_WARN_INT_CONVERSION = YES;
				CLANG_WARN_NON_LITERAL_NULL_CONVERSION = YES;
				CLANG_WARN_OBJC_LITERAL_CONVERSION = YES;
				CLANG_WARN_OBJC_ROOT_CLASS = YES_ERROR;
				CLANG_WARN_RANGE_LOOP_ANALYSIS = YES;
				CLANG_WARN_STRICT_PROTOTYPES = YES;
				CLANG_WARN_SUSPICIOUS_MOVE = YES;
				CLANG_WARN_UNGUARDED_AVAILABILITY = YES_AGGRESSIVE;
				CLANG_WARN_UNREACHABLE_CODE = YES;
				CLANG_WARN__DUPLICATE_METHOD_MATCH = YES;
				CODE_SIGN_IDENTITY = "iPhone Developer";
				COPY_PHASE_STRIP = NO;
				DEBUG_INFORMATION_FORMAT = "dwarf-with-dsym";
				ENABLE_NS_ASSERTIONS = NO;
				ENABLE_STRICT_OBJC_MSGSEND = YES;
				GCC_C_LANGUAGE_STANDARD = gnu11;
				GCC_NO_COMMON_BLOCKS = YES;
				GCC_WARN_64_TO_32_BIT_CONVERSION = YES;
				GCC_WARN_ABOUT_RETURN_TYPE = YES_ERROR;
				GCC_WARN_UNDECLARED_SELECTOR = YES;
				GCC_WARN_UNINITIALIZED_AUTOS = YES_AGGRESSIVE;
				GCC_WARN_UNUSED_FUNCTION = YES;
				GCC_WARN_UNUSED_VARIABLE = YES;
				IPHONEOS_DEPLOYMENT_TARGET = 11.2;
				MTL_ENABLE_DEBUG_INFO = NO;
				SDKROOT = iphoneos;
				SWIFT_OPTIMIZATION_LEVEL = "-Owholemodule";
				VALIDATE_PRODUCT = YES;
			};
			name = Release;
		};
		9A8D61AE201A303800C482D5 /* Debug */ = {
			isa = XCBuildConfiguration;
			buildSettings = {
				ASSETCATALOG_COMPILER_APPICON_NAME = AppIcon;
				CODE_SIGN_STYLE = Automatic;
				INFOPLIST_FILE = "Maryville Campus App/Info.plist";
				LD_RUNPATH_SEARCH_PATHS = "$(inherited) @executable_path/Frameworks";
				PRODUCT_BUNDLE_IDENTIFIER = "DrewKlauser.Maryville-Campus-App";
				PRODUCT_NAME = "$(TARGET_NAME)";
				SWIFT_VERSION = 4.0;
				TARGETED_DEVICE_FAMILY = "1,2";
			};
			name = Debug;
		};
		9A8D61AF201A303800C482D5 /* Release */ = {
			isa = XCBuildConfiguration;
			buildSettings = {
				ASSETCATALOG_COMPILER_APPICON_NAME = AppIcon;
				CODE_SIGN_STYLE = Automatic;
				INFOPLIST_FILE = "Maryville Campus App/Info.plist";
				LD_RUNPATH_SEARCH_PATHS = "$(inherited) @executable_path/Frameworks";
				PRODUCT_BUNDLE_IDENTIFIER = "DrewKlauser.Maryville-Campus-App";
				PRODUCT_NAME = "$(TARGET_NAME)";
				SWIFT_VERSION = 4.0;
				TARGETED_DEVICE_FAMILY = "1,2";
			};
			name = Release;
		};
		9A8D61B1201A303800C482D5 /* Debug */ = {
			isa = XCBuildConfiguration;
			buildSettings = {
				ALWAYS_EMBED_SWIFT_STANDARD_LIBRARIES = YES;
				BUNDLE_LOADER = "$(TEST_HOST)";
				CODE_SIGN_STYLE = Automatic;
				INFOPLIST_FILE = "Maryville Campus AppTests/Info.plist";
				LD_RUNPATH_SEARCH_PATHS = "$(inherited) @executable_path/Frameworks @loader_path/Frameworks";
				PRODUCT_BUNDLE_IDENTIFIER = "DrewKlauser.Maryville-Campus-AppTests";
				PRODUCT_NAME = "$(TARGET_NAME)";
				SWIFT_VERSION = 4.0;
				TARGETED_DEVICE_FAMILY = "1,2";
				TEST_HOST = "$(BUILT_PRODUCTS_DIR)/Maryville Campus App.app/Maryville Campus App";
			};
			name = Debug;
		};
		9A8D61B2201A303800C482D5 /* Release */ = {
			isa = XCBuildConfiguration;
			buildSettings = {
				ALWAYS_EMBED_SWIFT_STANDARD_LIBRARIES = YES;
				BUNDLE_LOADER = "$(TEST_HOST)";
				CODE_SIGN_STYLE = Automatic;
				INFOPLIST_FILE = "Maryville Campus AppTests/Info.plist";
				LD_RUNPATH_SEARCH_PATHS = "$(inherited) @executable_path/Frameworks @loader_path/Frameworks";
				PRODUCT_BUNDLE_IDENTIFIER = "DrewKlauser.Maryville-Campus-AppTests";
				PRODUCT_NAME = "$(TARGET_NAME)";
				SWIFT_VERSION = 4.0;
				TARGETED_DEVICE_FAMILY = "1,2";
				TEST_HOST = "$(BUILT_PRODUCTS_DIR)/Maryville Campus App.app/Maryville Campus App";
			};
			name = Release;
		};
		9A8D61B4201A303800C482D5 /* Debug */ = {
			isa = XCBuildConfiguration;
			buildSettings = {
				ALWAYS_EMBED_SWIFT_STANDARD_LIBRARIES = YES;
				CODE_SIGN_STYLE = Automatic;
				INFOPLIST_FILE = "Maryville Campus AppUITests/Info.plist";
				LD_RUNPATH_SEARCH_PATHS = "$(inherited) @executable_path/Frameworks @loader_path/Frameworks";
				PRODUCT_BUNDLE_IDENTIFIER = "DrewKlauser.Maryville-Campus-AppUITests";
				PRODUCT_NAME = "$(TARGET_NAME)";
				SWIFT_VERSION = 4.0;
				TARGETED_DEVICE_FAMILY = "1,2";
				TEST_TARGET_NAME = "Maryville Campus App";
			};
			name = Debug;
		};
		9A8D61B5201A303800C482D5 /* Release */ = {
			isa = XCBuildConfiguration;
			buildSettings = {
				ALWAYS_EMBED_SWIFT_STANDARD_LIBRARIES = YES;
				CODE_SIGN_STYLE = Automatic;
				INFOPLIST_FILE = "Maryville Campus AppUITests/Info.plist";
				LD_RUNPATH_SEARCH_PATHS = "$(inherited) @executable_path/Frameworks @loader_path/Frameworks";
				PRODUCT_BUNDLE_IDENTIFIER = "DrewKlauser.Maryville-Campus-AppUITests";
				PRODUCT_NAME = "$(TARGET_NAME)";
				SWIFT_VERSION = 4.0;
				TARGETED_DEVICE_FAMILY = "1,2";
				TEST_TARGET_NAME = "Maryville Campus App";
			};
			name = Release;
		};
/* End XCBuildConfiguration section */

/* Begin XCConfigurationList section */
		9A8D6180201A303700C482D5 /* Build configuration list for PBXProject "Maryville Campus App" */ = {
			isa = XCConfigurationList;
			buildConfigurations = (
				9A8D61AB201A303800C482D5 /* Debug */,
				9A8D61AC201A303800C482D5 /* Release */,
			);
			defaultConfigurationIsVisible = 0;
			defaultConfigurationName = Release;
		};
		9A8D61AD201A303800C482D5 /* Build configuration list for PBXNativeTarget "Maryville Campus App" */ = {
			isa = XCConfigurationList;
			buildConfigurations = (
				9A8D61AE201A303800C482D5 /* Debug */,
				9A8D61AF201A303800C482D5 /* Release */,
			);
			defaultConfigurationIsVisible = 0;
			defaultConfigurationName = Release;
		};
		9A8D61B0201A303800C482D5 /* Build configuration list for PBXNativeTarget "Maryville Campus AppTests" */ = {
			isa = XCConfigurationList;
			buildConfigurations = (
				9A8D61B1201A303800C482D5 /* Debug */,
				9A8D61B2201A303800C482D5 /* Release */,
			);
			defaultConfigurationIsVisible = 0;
			defaultConfigurationName = Release;
		};
		9A8D61B3201A303800C482D5 /* Build configuration list for PBXNativeTarget "Maryville Campus AppUITests" */ = {
			isa = XCConfigurationList;
			buildConfigurations = (
				9A8D61B4201A303800C482D5 /* Debug */,
				9A8D61B5201A303800C482D5 /* Release */,
			);
			defaultConfigurationIsVisible = 0;
			defaultConfigurationName = Release;
		};
/* End XCConfigurationList section */
	};
	rootObject = 9A8D617D201A303700C482D5 /* Project object */;
}
